Microsoft Visual Studio Solution File, Format Version 12.00
# Visual Studio 16
Project("{2150E333-8FDC-42A3-9474-1A3956D46DE8}") = "CMakePredefinedTargets", "CMakePredefinedTargets", "{BE25D371-DE46-3DF3-8951-F925CCC52D5E}"
EndProject
Project("{2150E333-8FDC-42A3-9474-1A3956D46DE8}") = "app", "app", "{77F895A4-DF91-3952-92DB-0298C82EEA34}"
EndProject
Project("{2150E333-8FDC-42A3-9474-1A3956D46DE8}") = "lib", "lib", "{249B246E-EF86-31C3-B4CF-8570CDE294AA}"
EndProject
Project("{8BC9CEB8-8B4A-11D0-8D11-00A0C91BC942}") = "ALL_BUILD", "ALL_BUILD.vcxproj", "{A5E6F20C-BDE4-35CD-8A0D-15D1EF2681A4}"
	ProjectSection(ProjectDependencies) = postProject
		{8DAC60F6-60C2-375B-92BE-C2092B4B9E03} = {8DAC60F6-60C2-375B-92BE-C2092B4B9E03}
		{527A03AA-CC3E-3B78-ADCB-CCCAB53D9DF0} = {527A03AA-CC3E-3B78-ADCB-CCCAB53D9DF0}
		{587A2604-3CB0-34E4-ACA6-E4CF07875FE6} = {587A2604-3CB0-34E4-ACA6-E4CF07875FE6}
		{10A34866-8A2E-3743-820E-14837C8B67B0} = {10A34866-8A2E-3743-820E-14837C8B67B0}
		{F5CC2339-B69F-3859-A39E-9F6A94DFF73F} = {F5CC2339-B69F-3859-A39E-9F6A94DFF73F}
		{3A7622B1-4A75-3DC1-8264-2C37DB28DE0C} = {3A7622B1-4A75-3DC1-8264-2C37DB28DE0C}
		{4091D0A7-8504-32A7-BBE9-1C0D44E4AC84} = {4091D0A7-8504-32A7-BBE9-1C0D44E4AC84}
		{5726454B-FDC0-319F-AD17-488B277F12A3} = {5726454B-FDC0-319F-AD17-488B277F12A3}
		{1CE36CFA-92D2-3092-BD18-B75E773FE3E3} = {1CE36CFA-92D2-3092-BD18-B75E773FE3E3}
		{C5CB9C69-6AE9-3B37-B3AC-8AFD64980D24} = {C5CB9C69-6AE9-3B37-B3AC-8AFD64980D24}
		{97943D44-4229-37AB-BCB5-DE9F33780627} = {97943D44-4229-37AB-BCB5-DE9F33780627}
		{8E97DE39-4395-34EE-B2B4-BB678F4B34D9} = {8E97DE39-4395-34EE-B2B4-BB678F4B34D9}
		{87EF9C6F-0115-3A85-BBF7-8600A8D526B9} = {87EF9C6F-0115-3A85-BBF7-8600A8D526B9}
		{EF4BD108-92C7-31B4-8B52-BAF2E967CB1A} = {EF4BD108-92C7-31B4-8B52-BAF2E967CB1A}
	EndProjectSection
EndProject
Project("{8BC9CEB8-8B4A-11D0-8D11-00A0C91BC942}") = "BitstreamExtractorApp", "source\App\BitstreamExtractorApp\BitstreamExtractorApp.vcxproj", "{8DAC60F6-60C2-375B-92BE-C2092B4B9E03}"
	ProjectSection(ProjectDependencies) = postProject
		{587A2604-3CB0-34E4-ACA6-E4CF07875FE6} = {587A2604-3CB0-34E4-ACA6-E4CF07875FE6}
		{4091D0A7-8504-32A7-BBE9-1C0D44E4AC84} = {4091D0A7-8504-32A7-BBE9-1C0D44E4AC84}
		{1CE36CFA-92D2-3092-BD18-B75E773FE3E3} = {1CE36CFA-92D2-3092-BD18-B75E773FE3E3}
		{8E97DE39-4395-34EE-B2B4-BB678F4B34D9} = {8E97DE39-4395-34EE-B2B4-BB678F4B34D9}
		{87EF9C6F-0115-3A85-BBF7-8600A8D526B9} = {87EF9C6F-0115-3A85-BBF7-8600A8D526B9}
	EndProjectSection
EndProject
Project("{8BC9CEB8-8B4A-11D0-8D11-00A0C91BC942}") = "CommonAnalyserLib", "source\Lib\CommonAnalyserLib\CommonAnalyserLib.vcxproj", "{527A03AA-CC3E-3B78-ADCB-CCCAB53D9DF0}"
	ProjectSection(ProjectDependencies) = postProject
		{87EF9C6F-0115-3A85-BBF7-8600A8D526B9} = {87EF9C6F-0115-3A85-BBF7-8600A8D526B9}
	EndProjectSection
EndProject
Project("{8BC9CEB8-8B4A-11D0-8D11-00A0C91BC942}") = "CommonLib", "source\Lib\CommonLib\CommonLib.vcxproj", "{587A2604-3CB0-34E4-ACA6-E4CF07875FE6}"
	ProjectSection(ProjectDependencies) = postProject
		{87EF9C6F-0115-3A85-BBF7-8600A8D526B9} = {87EF9C6F-0115-3A85-BBF7-8600A8D526B9}
	EndProjectSection
EndProject
Project("{8BC9CEB8-8B4A-11D0-8D11-00A0C91BC942}") = "DecoderAnalyserApp", "source\App\DecoderAnalyserApp\DecoderAnalyserApp.vcxproj", "{10A34866-8A2E-3743-820E-14837C8B67B0}"
	ProjectSection(ProjectDependencies) = postProject
		{527A03AA-CC3E-3B78-ADCB-CCCAB53D9DF0} = {527A03AA-CC3E-3B78-ADCB-CCCAB53D9DF0}
		{F5CC2339-B69F-3859-A39E-9F6A94DFF73F} = {F5CC2339-B69F-3859-A39E-9F6A94DFF73F}
		{8E97DE39-4395-34EE-B2B4-BB678F4B34D9} = {8E97DE39-4395-34EE-B2B4-BB678F4B34D9}
		{87EF9C6F-0115-3A85-BBF7-8600A8D526B9} = {87EF9C6F-0115-3A85-BBF7-8600A8D526B9}
	EndProjectSection
EndProject
Project("{8BC9CEB8-8B4A-11D0-8D11-00A0C91BC942}") = "DecoderAnalyserLib", "source\Lib\DecoderAnalyserLib\DecoderAnalyserLib.vcxproj", "{F5CC2339-B69F-3859-A39E-9F6A94DFF73F}"
	ProjectSection(ProjectDependencies) = postProject
		{527A03AA-CC3E-3B78-ADCB-CCCAB53D9DF0} = {527A03AA-CC3E-3B78-ADCB-CCCAB53D9DF0}
		{87EF9C6F-0115-3A85-BBF7-8600A8D526B9} = {87EF9C6F-0115-3A85-BBF7-8600A8D526B9}
	EndProjectSection
EndProject
Project("{8BC9CEB8-8B4A-11D0-8D11-00A0C91BC942}") = "DecoderApp", "source\App\DecoderApp\DecoderApp.vcxproj", "{3A7622B1-4A75-3DC1-8264-2C37DB28DE0C}"
	ProjectSection(ProjectDependencies) = postProject
		{587A2604-3CB0-34E4-ACA6-E4CF07875FE6} = {587A2604-3CB0-34E4-ACA6-E4CF07875FE6}
		{4091D0A7-8504-32A7-BBE9-1C0D44E4AC84} = {4091D0A7-8504-32A7-BBE9-1C0D44E4AC84}
		{8E97DE39-4395-34EE-B2B4-BB678F4B34D9} = {8E97DE39-4395-34EE-B2B4-BB678F4B34D9}
		{87EF9C6F-0115-3A85-BBF7-8600A8D526B9} = {87EF9C6F-0115-3A85-BBF7-8600A8D526B9}
	EndProjectSection
EndProject
Project("{8BC9CEB8-8B4A-11D0-8D11-00A0C91BC942}") = "DecoderLib", "source\Lib\DecoderLib\DecoderLib.vcxproj", "{4091D0A7-8504-32A7-BBE9-1C0D44E4AC84}"
	ProjectSection(ProjectDependencies) = postProject
		{587A2604-3CB0-34E4-ACA6-E4CF07875FE6} = {587A2604-3CB0-34E4-ACA6-E4CF07875FE6}
		{87EF9C6F-0115-3A85-BBF7-8600A8D526B9} = {87EF9C6F-0115-3A85-BBF7-8600A8D526B9}
	EndProjectSection
EndProject
Project("{8BC9CEB8-8B4A-11D0-8D11-00A0C91BC942}") = "EncoderApp", "source\App\EncoderApp\EncoderApp.vcxproj", "{5726454B-FDC0-319F-AD17-488B277F12A3}"
	ProjectSection(ProjectDependencies) = postProject
		{587A2604-3CB0-34E4-ACA6-E4CF07875FE6} = {587A2604-3CB0-34E4-ACA6-E4CF07875FE6}
		{4091D0A7-8504-32A7-BBE9-1C0D44E4AC84} = {4091D0A7-8504-32A7-BBE9-1C0D44E4AC84}
		{1CE36CFA-92D2-3092-BD18-B75E773FE3E3} = {1CE36CFA-92D2-3092-BD18-B75E773FE3E3}
		{8E97DE39-4395-34EE-B2B4-BB678F4B34D9} = {8E97DE39-4395-34EE-B2B4-BB678F4B34D9}
		{87EF9C6F-0115-3A85-BBF7-8600A8D526B9} = {87EF9C6F-0115-3A85-BBF7-8600A8D526B9}
	EndProjectSection
EndProject
Project("{8BC9CEB8-8B4A-11D0-8D11-00A0C91BC942}") = "EncoderLib", "source\Lib\EncoderLib\EncoderLib.vcxproj", "{1CE36CFA-92D2-3092-BD18-B75E773FE3E3}"
	ProjectSection(ProjectDependencies) = postProject
		{587A2604-3CB0-34E4-ACA6-E4CF07875FE6} = {587A2604-3CB0-34E4-ACA6-E4CF07875FE6}
		{87EF9C6F-0115-3A85-BBF7-8600A8D526B9} = {87EF9C6F-0115-3A85-BBF7-8600A8D526B9}
	EndProjectSection
EndProject
Project("{8BC9CEB8-8B4A-11D0-8D11-00A0C91BC942}") = "SEIRemovalApp", "source\App\SEIRemovalApp\SEIRemovalApp.vcxproj", "{C5CB9C69-6AE9-3B37-B3AC-8AFD64980D24}"
	ProjectSection(ProjectDependencies) = postProject
		{587A2604-3CB0-34E4-ACA6-E4CF07875FE6} = {587A2604-3CB0-34E4-ACA6-E4CF07875FE6}
		{4091D0A7-8504-32A7-BBE9-1C0D44E4AC84} = {4091D0A7-8504-32A7-BBE9-1C0D44E4AC84}
		{8E97DE39-4395-34EE-B2B4-BB678F4B34D9} = {8E97DE39-4395-34EE-B2B4-BB678F4B34D9}
		{87EF9C6F-0115-3A85-BBF7-8600A8D526B9} = {87EF9C6F-0115-3A85-BBF7-8600A8D526B9}
	EndProjectSection
EndProject
Project("{8BC9CEB8-8B4A-11D0-8D11-00A0C91BC942}") = "StreamMergeApp", "source\App\StreamMergeApp\StreamMergeApp.vcxproj", "{97943D44-4229-37AB-BCB5-DE9F33780627}"
	ProjectSection(ProjectDependencies) = postProject
		{587A2604-3CB0-34E4-ACA6-E4CF07875FE6} = {587A2604-3CB0-34E4-ACA6-E4CF07875FE6}
		{4091D0A7-8504-32A7-BBE9-1C0D44E4AC84} = {4091D0A7-8504-32A7-BBE9-1C0D44E4AC84}
		{1CE36CFA-92D2-3092-BD18-B75E773FE3E3} = {1CE36CFA-92D2-3092-BD18-B75E773FE3E3}
		{8E97DE39-4395-34EE-B2B4-BB678F4B34D9} = {8E97DE39-4395-34EE-B2B4-BB678F4B34D9}
		{87EF9C6F-0115-3A85-BBF7-8600A8D526B9} = {87EF9C6F-0115-3A85-BBF7-8600A8D526B9}
	EndProjectSection
EndProject
Project("{8BC9CEB8-8B4A-11D0-8D11-00A0C91BC942}") = "Utilities", "source\Lib\Utilities\Utilities.vcxproj", "{8E97DE39-4395-34EE-B2B4-BB678F4B34D9}"
	ProjectSection(ProjectDependencies) = postProject
		{87EF9C6F-0115-3A85-BBF7-8600A8D526B9} = {87EF9C6F-0115-3A85-BBF7-8600A8D526B9}
	EndProjectSection
EndProject
Project("{8BC9CEB8-8B4A-11D0-8D11-00A0C91BC942}") = "ZERO_CHECK", "ZERO_CHECK.vcxproj", "{87EF9C6F-0115-3A85-BBF7-8600A8D526B9}"
	ProjectSection(ProjectDependencies) = postProject
	EndProjectSection
EndProject
Project("{8BC9CEB8-8B4A-11D0-8D11-00A0C91BC942}") = "parcat", "source\App\Parcat\parcat.vcxproj", "{EF4BD108-92C7-31B4-8B52-BAF2E967CB1A}"
	ProjectSection(ProjectDependencies) = postProject
		{587A2604-3CB0-34E4-ACA6-E4CF07875FE6} = {587A2604-3CB0-34E4-ACA6-E4CF07875FE6}
		{4091D0A7-8504-32A7-BBE9-1C0D44E4AC84} = {4091D0A7-8504-32A7-BBE9-1C0D44E4AC84}
		{8E97DE39-4395-34EE-B2B4-BB678F4B34D9} = {8E97DE39-4395-34EE-B2B4-BB678F4B34D9}
		{87EF9C6F-0115-3A85-BBF7-8600A8D526B9} = {87EF9C6F-0115-3A85-BBF7-8600A8D526B9}
	EndProjectSection
EndProject
Global
	GlobalSection(SolutionConfigurationPlatforms) = preSolution
		Debug|x64 = Debug|x64
		Release|x64 = Release|x64
		MinSizeRel|x64 = MinSizeRel|x64
		RelWithDebInfo|x64 = RelWithDebInfo|x64
	EndGlobalSection
	GlobalSection(ProjectConfigurationPlatforms) = postSolution
		{A5E6F20C-BDE4-35CD-8A0D-15D1EF2681A4}.Debug|x64.ActiveCfg = Debug|x64
		{A5E6F20C-BDE4-35CD-8A0D-15D1EF2681A4}.Release|x64.ActiveCfg = Release|x64
		{A5E6F20C-BDE4-35CD-8A0D-15D1EF2681A4}.MinSizeRel|x64.ActiveCfg = MinSizeRel|x64
		{A5E6F20C-BDE4-35CD-8A0D-15D1EF2681A4}.RelWithDebInfo|x64.ActiveCfg = RelWithDebInfo|x64
		{8DAC60F6-60C2-375B-92BE-C2092B4B9E03}.Debug|x64.ActiveCfg = Debug|x64
		{8DAC60F6-60C2-375B-92BE-C2092B4B9E03}.Debug|x64.Build.0 = Debug|x64
		{8DAC60F6-60C2-375B-92BE-C2092B4B9E03}.Release|x64.ActiveCfg = Release|x64
		{8DAC60F6-60C2-375B-92BE-C2092B4B9E03}.Release|x64.Build.0 = Release|x64
		{8DAC60F6-60C2-375B-92BE-C2092B4B9E03}.MinSizeRel|x64.ActiveCfg = MinSizeRel|x64
		{8DAC60F6-60C2-375B-92BE-C2092B4B9E03}.MinSizeRel|x64.Build.0 = MinSizeRel|x64
		{8DAC60F6-60C2-375B-92BE-C2092B4B9E03}.RelWithDebInfo|x64.ActiveCfg = RelWithDebInfo|x64
		{8DAC60F6-60C2-375B-92BE-C2092B4B9E03}.RelWithDebInfo|x64.Build.0 = RelWithDebInfo|x64
		{527A03AA-CC3E-3B78-ADCB-CCCAB53D9DF0}.Debug|x64.ActiveCfg = Debug|x64
		{527A03AA-CC3E-3B78-ADCB-CCCAB53D9DF0}.Debug|x64.Build.0 = Debug|x64
		{527A03AA-CC3E-3B78-ADCB-CCCAB53D9DF0}.Release|x64.ActiveCfg = Release|x64
		{527A03AA-CC3E-3B78-ADCB-CCCAB53D9DF0}.Release|x64.Build.0 = Release|x64
		{527A03AA-CC3E-3B78-ADCB-CCCAB53D9DF0}.MinSizeRel|x64.ActiveCfg = MinSizeRel|x64
		{527A03AA-CC3E-3B78-ADCB-CCCAB53D9DF0}.MinSizeRel|x64.Build.0 = MinSizeRel|x64
		{527A03AA-CC3E-3B78-ADCB-CCCAB53D9DF0}.RelWithDebInfo|x64.ActiveCfg = RelWithDebInfo|x64
		{527A03AA-CC3E-3B78-ADCB-CCCAB53D9DF0}.RelWithDebInfo|x64.Build.0 = RelWithDebInfo|x64
		{587A2604-3CB0-34E4-ACA6-E4CF07875FE6}.Debug|x64.ActiveCfg = Debug|x64
		{587A2604-3CB0-34E4-ACA6-E4CF07875FE6}.Debug|x64.Build.0 = Debug|x64
		{587A2604-3CB0-34E4-ACA6-E4CF07875FE6}.Release|x64.ActiveCfg = Release|x64
		{587A2604-3CB0-34E4-ACA6-E4CF07875FE6}.Release|x64.Build.0 = Release|x64
		{587A2604-3CB0-34E4-ACA6-E4CF07875FE6}.MinSizeRel|x64.ActiveCfg = MinSizeRel|x64
		{587A2604-3CB0-34E4-ACA6-E4CF07875FE6}.MinSizeRel|x64.Build.0 = MinSizeRel|x64
		{587A2604-3CB0-34E4-ACA6-E4CF07875FE6}.RelWithDebInfo|x64.ActiveCfg = RelWithDebInfo|x64
		{587A2604-3CB0-34E4-ACA6-E4CF07875FE6}.RelWithDebInfo|x64.Build.0 = RelWithDebInfo|x64
		{10A34866-8A2E-3743-820E-14837C8B67B0}.Debug|x64.ActiveCfg = Debug|x64
		{10A34866-8A2E-3743-820E-14837C8B67B0}.Debug|x64.Build.0 = Debug|x64
		{10A34866-8A2E-3743-820E-14837C8B67B0}.Release|x64.ActiveCfg = Release|x64
		{10A34866-8A2E-3743-820E-14837C8B67B0}.Release|x64.Build.0 = Release|x64
		{10A34866-8A2E-3743-820E-14837C8B67B0}.MinSizeRel|x64.ActiveCfg = MinSizeRel|x64
		{10A34866-8A2E-3743-820E-14837C8B67B0}.MinSizeRel|x64.Build.0 = MinSizeRel|x64
		{10A34866-8A2E-3743-820E-14837C8B67B0}.RelWithDebInfo|x64.ActiveCfg = RelWithDebInfo|x64
		{10A34866-8A2E-3743-820E-14837C8B67B0}.RelWithDebInfo|x64.Build.0 = RelWithDebInfo|x64
		{F5CC2339-B69F-3859-A39E-9F6A94DFF73F}.Debug|x64.ActiveCfg = Debug|x64
		{F5CC2339-B69F-3859-A39E-9F6A94DFF73F}.Debug|x64.Build.0 = Debug|x64
		{F5CC2339-B69F-3859-A39E-9F6A94DFF73F}.Release|x64.ActiveCfg = Release|x64
		{F5CC2339-B69F-3859-A39E-9F6A94DFF73F}.Release|x64.Build.0 = Release|x64
		{F5CC2339-B69F-3859-A39E-9F6A94DFF73F}.MinSizeRel|x64.ActiveCfg = MinSizeRel|x64
		{F5CC2339-B69F-3859-A39E-9F6A94DFF73F}.MinSizeRel|x64.Build.0 = MinSizeRel|x64
		{F5CC2339-B69F-3859-A39E-9F6A94DFF73F}.RelWithDebInfo|x64.ActiveCfg = RelWithDebInfo|x64
		{F5CC2339-B69F-3859-A39E-9F6A94DFF73F}.RelWithDebInfo|x64.Build.0 = RelWithDebInfo|x64
		{3A7622B1-4A75-3DC1-8264-2C37DB28DE0C}.Debug|x64.ActiveCfg = Debug|x64
		{3A7622B1-4A75-3DC1-8264-2C37DB28DE0C}.Debug|x64.Build.0 = Debug|x64
		{3A7622B1-4A75-3DC1-8264-2C37DB28DE0C}.Release|x64.ActiveCfg = Release|x64
		{3A7622B1-4A75-3DC1-8264-2C37DB28DE0C}.Release|x64.Build.0 = Release|x64
		{3A7622B1-4A75-3DC1-8264-2C37DB28DE0C}.MinSizeRel|x64.ActiveCfg = MinSizeRel|x64
		{3A7622B1-4A75-3DC1-8264-2C37DB28DE0C}.MinSizeRel|x64.Build.0 = MinSizeRel|x64
		{3A7622B1-4A75-3DC1-8264-2C37DB28DE0C}.RelWithDebInfo|x64.ActiveCfg = RelWithDebInfo|x64
		{3A7622B1-4A75-3DC1-8264-2C37DB28DE0C}.RelWithDebInfo|x64.Build.0 = RelWithDebInfo|x64
		{4091D0A7-8504-32A7-BBE9-1C0D44E4AC84}.Debug|x64.ActiveCfg = Debug|x64
		{4091D0A7-8504-32A7-BBE9-1C0D44E4AC84}.Debug|x64.Build.0 = Debug|x64
		{4091D0A7-8504-32A7-BBE9-1C0D44E4AC84}.Release|x64.ActiveCfg = Release|x64
		{4091D0A7-8504-32A7-BBE9-1C0D44E4AC84}.Release|x64.Build.0 = Release|x64
		{4091D0A7-8504-32A7-BBE9-1C0D44E4AC84}.MinSizeRel|x64.ActiveCfg = MinSizeRel|x64
		{4091D0A7-8504-32A7-BBE9-1C0D44E4AC84}.MinSizeRel|x64.Build.0 = MinSizeRel|x64
		{4091D0A7-8504-32A7-BBE9-1C0D44E4AC84}.RelWithDebInfo|x64.ActiveCfg = RelWithDebInfo|x64
		{4091D0A7-8504-32A7-BBE9-1C0D44E4AC84}.RelWithDebInfo|x64.Build.0 = RelWithDebInfo|x64
		{5726454B-FDC0-319F-AD17-488B277F12A3}.Debug|x64.ActiveCfg = Debug|x64
		{5726454B-FDC0-319F-AD17-488B277F12A3}.Debug|x64.Build.0 = Debug|x64
		{5726454B-FDC0-319F-AD17-488B277F12A3}.Release|x64.ActiveCfg = Release|x64
		{5726454B-FDC0-319F-AD17-488B277F12A3}.Release|x64.Build.0 = Release|x64
		{5726454B-FDC0-319F-AD17-488B277F12A3}.MinSizeRel|x64.ActiveCfg = MinSizeRel|x64
		{5726454B-FDC0-319F-AD17-488B277F12A3}.MinSizeRel|x64.Build.0 = MinSizeRel|x64
		{5726454B-FDC0-319F-AD17-488B277F12A3}.RelWithDebInfo|x64.ActiveCfg = RelWithDebInfo|x64
		{5726454B-FDC0-319F-AD17-488B277F12A3}.RelWithDebInfo|x64.Build.0 = RelWithDebInfo|x64
		{1CE36CFA-92D2-3092-BD18-B75E773FE3E3}.Debug|x64.ActiveCfg = Debug|x64
		{1CE36CFA-92D2-3092-BD18-B75E773FE3E3}.Debug|x64.Build.0 = Debug|x64
		{1CE36CFA-92D2-3092-BD18-B75E773FE3E3}.Release|x64.ActiveCfg = Release|x64
		{1CE36CFA-92D2-3092-BD18-B75E773FE3E3}.Release|x64.Build.0 = Release|x64
		{1CE36CFA-92D2-3092-BD18-B75E773FE3E3}.MinSizeRel|x64.ActiveCfg = MinSizeRel|x64
		{1CE36CFA-92D2-3092-BD18-B75E773FE3E3}.MinSizeRel|x64.Build.0 = MinSizeRel|x64
		{1CE36CFA-92D2-3092-BD18-B75E773FE3E3}.RelWithDebInfo|x64.ActiveCfg = RelWithDebInfo|x64
		{1CE36CFA-92D2-3092-BD18-B75E773FE3E3}.RelWithDebInfo|x64.Build.0 = RelWithDebInfo|x64
		{C5CB9C69-6AE9-3B37-B3AC-8AFD64980D24}.Debug|x64.ActiveCfg = Debug|x64
		{C5CB9C69-6AE9-3B37-B3AC-8AFD64980D24}.Debug|x64.Build.0 = Debug|x64
		{C5CB9C69-6AE9-3B37-B3AC-8AFD64980D24}.Release|x64.ActiveCfg = Release|x64
		{C5CB9C69-6AE9-3B37-B3AC-8AFD64980D24}.Release|x64.Build.0 = Release|x64
		{C5CB9C69-6AE9-3B37-B3AC-8AFD64980D24}.MinSizeRel|x64.ActiveCfg = MinSizeRel|x64
		{C5CB9C69-6AE9-3B37-B3AC-8AFD64980D24}.MinSizeRel|x64.Build.0 = MinSizeRel|x64
		{C5CB9C69-6AE9-3B37-B3AC-8AFD64980D24}.RelWithDebInfo|x64.ActiveCfg = RelWithDebInfo|x64
		{C5CB9C69-6AE9-3B37-B3AC-8AFD64980D24}.RelWithDebInfo|x64.Build.0 = RelWithDebInfo|x64
		{97943D44-4229-37AB-BCB5-DE9F33780627}.Debug|x64.ActiveCfg = Debug|x64
		{97943D44-4229-37AB-BCB5-DE9F33780627}.Debug|x64.Build.0 = Debug|x64
		{97943D44-4229-37AB-BCB5-DE9F33780627}.Release|x64.ActiveCfg = Release|x64
		{97943D44-4229-37AB-BCB5-DE9F33780627}.Release|x64.Build.0 = Release|x64
		{97943D44-4229-37AB-BCB5-DE9F33780627}.MinSizeRel|x64.ActiveCfg = MinSizeRel|x64
		{97943D44-4229-37AB-BCB5-DE9F33780627}.MinSizeRel|x64.Build.0 = MinSizeRel|x64
		{97943D44-4229-37AB-BCB5-DE9F33780627}.RelWithDebInfo|x64.ActiveCfg = RelWithDebInfo|x64
		{97943D44-4229-37AB-BCB5-DE9F33780627}.RelWithDebInfo|x64.Build.0 = RelWithDebInfo|x64
		{8E97DE39-4395-34EE-B2B4-BB678F4B34D9}.Debug|x64.ActiveCfg = Debug|x64
		{8E97DE39-4395-34EE-B2B4-BB678F4B34D9}.Debug|x64.Build.0 = Debug|x64
		{8E97DE39-4395-34EE-B2B4-BB678F4B34D9}.Release|x64.ActiveCfg = Release|x64
		{8E97DE39-4395-34EE-B2B4-BB678F4B34D9}.Release|x64.Build.0 = Release|x64
		{8E97DE39-4395-34EE-B2B4-BB678F4B34D9}.MinSizeRel|x64.ActiveCfg = MinSizeRel|x64
		{8E97DE39-4395-34EE-B2B4-BB678F4B34D9}.MinSizeRel|x64.Build.0 = MinSizeRel|x64
		{8E97DE39-4395-34EE-B2B4-BB678F4B34D9}.RelWithDebInfo|x64.ActiveCfg = RelWithDebInfo|x64
		{8E97DE39-4395-34EE-B2B4-BB678F4B34D9}.RelWithDebInfo|x64.Build.0 = RelWithDebInfo|x64
		{87EF9C6F-0115-3A85-BBF7-8600A8D526B9}.Debug|x64.ActiveCfg = Debug|x64
		{87EF9C6F-0115-3A85-BBF7-8600A8D526B9}.Debug|x64.Build.0 = Debug|x64
		{87EF9C6F-0115-3A85-BBF7-8600A8D526B9}.Release|x64.ActiveCfg = Release|x64
		{87EF9C6F-0115-3A85-BBF7-8600A8D526B9}.Release|x64.Build.0 = Release|x64
		{87EF9C6F-0115-3A85-BBF7-8600A8D526B9}.MinSizeRel|x64.ActiveCfg = MinSizeRel|x64
		{87EF9C6F-0115-3A85-BBF7-8600A8D526B9}.MinSizeRel|x64.Build.0 = MinSizeRel|x64
		{87EF9C6F-0115-3A85-BBF7-8600A8D526B9}.RelWithDebInfo|x64.ActiveCfg = RelWithDebInfo|x64
		{87EF9C6F-0115-3A85-BBF7-8600A8D526B9}.RelWithDebInfo|x64.Build.0 = RelWithDebInfo|x64
		{EF4BD108-92C7-31B4-8B52-BAF2E967CB1A}.Debug|x64.ActiveCfg = Debug|x64
		{EF4BD108-92C7-31B4-8B52-BAF2E967CB1A}.Debug|x64.Build.0 = Debug|x64
		{EF4BD108-92C7-31B4-8B52-BAF2E967CB1A}.Release|x64.ActiveCfg = Release|x64
		{EF4BD108-92C7-31B4-8B52-BAF2E967CB1A}.Release|x64.Build.0 = Release|x64
		{EF4BD108-92C7-31B4-8B52-BAF2E967CB1A}.MinSizeRel|x64.ActiveCfg = MinSizeRel|x64
		{EF4BD108-92C7-31B4-8B52-BAF2E967CB1A}.MinSizeRel|x64.Build.0 = MinSizeRel|x64
		{EF4BD108-92C7-31B4-8B52-BAF2E967CB1A}.RelWithDebInfo|x64.ActiveCfg = RelWithDebInfo|x64
		{EF4BD108-92C7-31B4-8B52-BAF2E967CB1A}.RelWithDebInfo|x64.Build.0 = RelWithDebInfo|x64
	EndGlobalSection
	GlobalSection(NestedProjects) = preSolution
		{A5E6F20C-BDE4-35CD-8A0D-15D1EF2681A4} = {BE25D371-DE46-3DF3-8951-F925CCC52D5E}
		{87EF9C6F-0115-3A85-BBF7-8600A8D526B9} = {BE25D371-DE46-3DF3-8951-F925CCC52D5E}
		{8DAC60F6-60C2-375B-92BE-C2092B4B9E03} = {77F895A4-DF91-3952-92DB-0298C82EEA34}
		{10A34866-8A2E-3743-820E-14837C8B67B0} = {77F895A4-DF91-3952-92DB-0298C82EEA34}
		{3A7622B1-4A75-3DC1-8264-2C37DB28DE0C} = {77F895A4-DF91-3952-92DB-0298C82EEA34}
		{5726454B-FDC0-319F-AD17-488B277F12A3} = {77F895A4-DF91-3952-92DB-0298C82EEA34}
		{C5CB9C69-6AE9-3B37-B3AC-8AFD64980D24} = {77F895A4-DF91-3952-92DB-0298C82EEA34}
		{97943D44-4229-37AB-BCB5-DE9F33780627} = {77F895A4-DF91-3952-92DB-0298C82EEA34}
		{EF4BD108-92C7-31B4-8B52-BAF2E967CB1A} = {77F895A4-DF91-3952-92DB-0298C82EEA34}
		{527A03AA-CC3E-3B78-ADCB-CCCAB53D9DF0} = {249B246E-EF86-31C3-B4CF-8570CDE294AA}
		{587A2604-3CB0-34E4-ACA6-E4CF07875FE6} = {249B246E-EF86-31C3-B4CF-8570CDE294AA}
		{F5CC2339-B69F-3859-A39E-9F6A94DFF73F} = {249B246E-EF86-31C3-B4CF-8570CDE294AA}
		{4091D0A7-8504-32A7-BBE9-1C0D44E4AC84} = {249B246E-EF86-31C3-B4CF-8570CDE294AA}
		{1CE36CFA-92D2-3092-BD18-B75E773FE3E3} = {249B246E-EF86-31C3-B4CF-8570CDE294AA}
		{8E97DE39-4395-34EE-B2B4-BB678F4B34D9} = {249B246E-EF86-31C3-B4CF-8570CDE294AA}
	EndGlobalSection
	GlobalSection(ExtensibilityGlobals) = postSolution
		SolutionGuid = {77683658-F71E-35B1-8E15-B787D3F72BE6}
	EndGlobalSection
	GlobalSection(ExtensibilityAddIns) = postSolution
	EndGlobalSection
EndGlobal
